// !$*UTF8*$!
{
	archiveVersion = 1;
	classes = {
	};
	objectVersion = 50;
	objects = {

/* Begin PBXBuildFile section */
		4EB88513B88FE4256D6C40D4 /* Pods_Todoey.framework in Frameworks */ = {isa = PBXBuildFile; fileRef = 855EB2FC48E8182A13FE784A /* Pods_Todoey.framework */; };
		6605474E2280AF5700984C3B /* AppDelegate.swift in Sources */ = {isa = PBXBuildFile; fileRef = 6605474D2280AF5700984C3B /* AppDelegate.swift */; };
		660547502280AF5700984C3B /* TodoListViewController.swift in Sources */ = {isa = PBXBuildFile; fileRef = 6605474F2280AF5700984C3B /* TodoListViewController.swift */; };
		660547532280AF5700984C3B /* Main.storyboard in Resources */ = {isa = PBXBuildFile; fileRef = 660547512280AF5700984C3B /* Main.storyboard */; };
		660547552280AF5800984C3B /* Assets.xcassets in Resources */ = {isa = PBXBuildFile; fileRef = 660547542280AF5800984C3B /* Assets.xcassets */; };
		660547582280AF5800984C3B /* LaunchScreen.storyboard in Resources */ = {isa = PBXBuildFile; fileRef = 660547562280AF5800984C3B /* LaunchScreen.storyboard */; };
		66068ADF22E3845500331311 /* CategoryViewController.swift in Sources */ = {isa = PBXBuildFile; fileRef = 66068ADE22E3845500331311 /* CategoryViewController.swift */; };
		66DF411322F0918D00F9E32B /* Item.swift in Sources */ = {isa = PBXBuildFile; fileRef = 66DF411222F0918D00F9E32B /* Item.swift */; };
		66DF411522F0919A00F9E32B /* Category.swift in Sources */ = {isa = PBXBuildFile; fileRef = 66DF411422F0919A00F9E32B /* Category.swift */; };
/* End PBXBuildFile section */

/* Begin PBXFileReference section */
		6605474A2280AF5700984C3B /* Todoey.app */ = {isa = PBXFileReference; explicitFileType = wrapper.application; includeInIndex = 0; path = Todoey.app; sourceTree = BUILT_PRODUCTS_DIR; };
		6605474D2280AF5700984C3B /* AppDelegate.swift */ = {isa = PBXFileReference; lastKnownFileType = sourcecode.swift; path = AppDelegate.swift; sourceTree = "<group>"; };
		6605474F2280AF5700984C3B /* TodoListViewController.swift */ = {isa = PBXFileReference; lastKnownFileType = sourcecode.swift; path = TodoListViewController.swift; sourceTree = "<group>"; };
		660547522280AF5700984C3B /* Base */ = {isa = PBXFileReference; lastKnownFileType = file.storyboard; name = Base; path = Base.lproj/Main.storyboard; sourceTree = "<group>"; };
		660547542280AF5800984C3B /* Assets.xcassets */ = {isa = PBXFileReference; lastKnownFileType = folder.assetcatalog; path = Assets.xcassets; sourceTree = "<group>"; };
		660547572280AF5800984C3B /* Base */ = {isa = PBXFileReference; lastKnownFileType = file.storyboard; name = Base; path = Base.lproj/LaunchScreen.storyboard; sourceTree = "<group>"; };
		660547592280AF5800984C3B /* Info.plist */ = {isa = PBXFileReference; lastKnownFileType = text.plist.xml; path = Info.plist; sourceTree = "<group>"; };
		66068ADE22E3845500331311 /* CategoryViewController.swift */ = {isa = PBXFileReference; lastKnownFileType = sourcecode.swift; path = CategoryViewController.swift; sourceTree = "<group>"; };
		66DF411222F0918D00F9E32B /* Item.swift */ = {isa = PBXFileReference; lastKnownFileType = sourcecode.swift; path = Item.swift; sourceTree = "<group>"; };
		66DF411422F0919A00F9E32B /* Category.swift */ = {isa = PBXFileReference; lastKnownFileType = sourcecode.swift; path = Category.swift; sourceTree = "<group>"; };
		855EB2FC48E8182A13FE784A /* Pods_Todoey.framework */ = {isa = PBXFileReference; explicitFileType = wrapper.framework; includeInIndex = 0; path = Pods_Todoey.framework; sourceTree = BUILT_PRODUCTS_DIR; };
		D0417ECFF4F20FD930A0F4D8 /* Pods-Todoey.release.xcconfig */ = {isa = PBXFileReference; includeInIndex = 1; lastKnownFileType = text.xcconfig; name = "Pods-Todoey.release.xcconfig"; path = "Target Support Files/Pods-Todoey/Pods-Todoey.release.xcconfig"; sourceTree = "<group>"; };
		DCDF67A4AEF68A50E04B997B /* Pods-Todoey.debug.xcconfig */ = {isa = PBXFileReference; includeInIndex = 1; lastKnownFileType = text.xcconfig; name = "Pods-Todoey.debug.xcconfig"; path = "Target Support Files/Pods-Todoey/Pods-Todoey.debug.xcconfig"; sourceTree = "<group>"; };
/* End PBXFileReference section */

/* Begin PBXFrameworksBuildPhase section */
		660547472280AF5700984C3B /* Frameworks */ = {
			isa = PBXFrameworksBuildPhase;
			buildActionMask = 2147483647;
			files = (
				4EB88513B88FE4256D6C40D4 /* Pods_Todoey.framework in Frameworks */,
			);
			runOnlyForDeploymentPostprocessing = 0;
		};
/* End PBXFrameworksBuildPhase section */

/* Begin PBXGroup section */
		43AE6D2BA11283614ADFBBFF /* Pods */ = {
			isa = PBXGroup;
			children = (
				DCDF67A4AEF68A50E04B997B /* Pods-Todoey.debug.xcconfig */,
				D0417ECFF4F20FD930A0F4D8 /* Pods-Todoey.release.xcconfig */,
			);
			path = Pods;
			sourceTree = "<group>";
		};
		660547412280AF5700984C3B = {
			isa = PBXGroup;
			children = (
				6605474C2280AF5700984C3B /* Todoey */,
				6605474B2280AF5700984C3B /* Products */,
				43AE6D2BA11283614ADFBBFF /* Pods */,
				E1B920CACCC4C601AA6EFA72 /* Frameworks */,
			);
			sourceTree = "<group>";
		};
		6605474B2280AF5700984C3B /* Products */ = {
			isa = PBXGroup;
			children = (
				6605474A2280AF5700984C3B /* Todoey.app */,
			);
			name = Products;
			sourceTree = "<group>";
		};
		6605474C2280AF5700984C3B /* Todoey */ = {
			isa = PBXGroup;
			children = (
				6605474D2280AF5700984C3B /* AppDelegate.swift */,
				66789B7A22D3AD1600766F29 /* Controllers */,
				66789B7922D3ACC200766F29 /* Data Model */,
				66789B7B22D3AD2D00766F29 /* Views */,
				66789B7C22D3AD8000766F29 /* Supporting Files */,
				660547592280AF5800984C3B /* Info.plist */,
			);
			path = Todoey;
			sourceTree = "<group>";
		};
		66789B7922D3ACC200766F29 /* Data Model */ = {
			isa = PBXGroup;
			children = (
				66DF411222F0918D00F9E32B /* Item.swift */,
				66DF411422F0919A00F9E32B /* Category.swift */,
			);
			path = "Data Model";
			sourceTree = "<group>";
		};
		66789B7A22D3AD1600766F29 /* Controllers */ = {
			isa = PBXGroup;
			children = (
				66068ADE22E3845500331311 /* CategoryViewController.swift */,
				6605474F2280AF5700984C3B /* TodoListViewController.swift */,
			);
			path = Controllers;
			sourceTree = "<group>";
		};
		66789B7B22D3AD2D00766F29 /* Views */ = {
			isa = PBXGroup;
			children = (
				660547512280AF5700984C3B /* Main.storyboard */,
			);
			path = Views;
			sourceTree = "<group>";
		};
		66789B7C22D3AD8000766F29 /* Supporting Files */ = {
			isa = PBXGroup;
			children = (
				660547542280AF5800984C3B /* Assets.xcassets */,
				660547562280AF5800984C3B /* LaunchScreen.storyboard */,
			);
			path = "Supporting Files";
			sourceTree = "<group>";
		};
		E1B920CACCC4C601AA6EFA72 /* Frameworks */ = {
			isa = PBXGroup;
			children = (
				855EB2FC48E8182A13FE784A /* Pods_Todoey.framework */,
			);
			name = Frameworks;
			sourceTree = "<group>";
		};
/* End PBXGroup section */

/* Begin PBXNativeTarget section */
		660547492280AF5700984C3B /* Todoey */ = {
			isa = PBXNativeTarget;
			buildConfigurationList = 6605475C2280AF5800984C3B /* Build configuration list for PBXNativeTarget "Todoey" */;
			buildPhases = (
				818F0F4CABCFFB96302BF61A /* [CP] Check Pods Manifest.lock */,
				660547462280AF5700984C3B /* Sources */,
				660547472280AF5700984C3B /* Frameworks */,
				660547482280AF5700984C3B /* Resources */,
				7ACCC54D3E4013324EE6788D /* [CP] Embed Pods Frameworks */,
			);
			buildRules = (
			);
			dependencies = (
			);
			name = Todoey;
			productName = Todoey;
			productReference = 6605474A2280AF5700984C3B /* Todoey.app */;
			productType = "com.apple.product-type.application";
		};
/* End PBXNativeTarget section */

/* Begin PBXProject section */
		660547422280AF5700984C3B /* Project object */ = {
			isa = PBXProject;
			attributes = {
				LastSwiftUpdateCheck = 0940;
				LastUpgradeCheck = 0940;
				ORGANIZATIONNAME = Ho3in;
				TargetAttributes = {
					660547492280AF5700984C3B = {
						CreatedOnToolsVersion = 9.4.1;
					};
				};
			};
			buildConfigurationList = 660547452280AF5700984C3B /* Build configuration list for PBXProject "Todoey" */;
			compatibilityVersion = "Xcode 9.3";
			developmentRegion = en;
			hasScannedForEncodings = 0;
			knownRegions = (
				en,
				Base,
			);
			mainGroup = 660547412280AF5700984C3B;
			productRefGroup = 6605474B2280AF5700984C3B /* Products */;
			projectDirPath = "";
			projectRoot = "";
			targets = (
				660547492280AF5700984C3B /* Todoey */,
			);
		};
/* End PBXProject section */

/* Begin PBXResourcesBuildPhase section */
		660547482280AF5700984C3B /* Resources */ = {
			isa = PBXResourcesBuildPhase;
			buildActionMask = 2147483647;
			files = (
				660547582280AF5800984C3B /* LaunchScreen.storyboard in Resources */,
				660547552280AF5800984C3B /* Assets.xcassets in Resources */,
				660547532280AF5700984C3B /* Main.storyboard in Resources */,
			);
			runOnlyForDeploymentPostprocessing = 0;
		};
/* End PBXResourcesBuildPhase section */

/* Begin PBXShellScriptBuildPhase section */
		7ACCC54D3E4013324EE6788D /* [CP] Embed Pods Frameworks */ = {
			isa = PBXShellScriptBuildPhase;
			buildActionMask = 2147483647;
			files = (
			);
			inputPaths = (
				"${PODS_ROOT}/Target Support Files/Pods-Todoey/Pods-Todoey-frameworks.sh",
				"${BUILT_PRODUCTS_DIR}/Realm/Realm.framework",
				"${BUILT_PRODUCTS_DIR}/RealmSwift/RealmSwift.framework",
			);
			name = "[CP] Embed Pods Frameworks";
			outputPaths = (
				"${TARGET_BUILD_DIR}/${FRAMEWORKS_FOLDER_PATH}/Realm.framework",
				"${TARGET_BUILD_DIR}/${FRAMEWORKS_FOLDER_PATH}/RealmSwift.framework",
			);
			runOnlyForDeploymentPostprocessing = 0;
			shellPath = /bin/sh;
			shellScript = "\"${PODS_ROOT}/Target Support Files/Pods-Todoey/Pods-Todoey-frameworks.sh\"\n";
			showEnvVarsInLog = 0;
		};
		818F0F4CABCFFB96302BF61A /* [CP] Check Pods Manifest.lock */ = {
			isa = PBXShellScriptBuildPhase;
			buildActionMask = 2147483647;
			files = (
			);
			inputPaths = (
				"${PODS_PODFILE_DIR_PATH}/Podfile.lock",
				"${PODS_ROOT}/Manifest.lock",
			);
			name = "[CP] Check Pods Manifest.lock";
			outputPaths = (
				"$(DERIVED_FILE_DIR)/Pods-Todoey-checkManifestLockResult.txt",
			);
			runOnlyForDeploymentPostprocessing = 0;
			shellPath = /bin/sh;
			shellScript = "diff \"${PODS_PODFILE_DIR_PATH}/Podfile.lock\" \"${PODS_ROOT}/Manifest.lock\" > /dev/null\nif [ $? != 0 ] ; then\n    # print error to STDERR\n    echo \"error: The sandbox is not in sync with the Podfile.lock. Run 'pod install' or update your CocoaPods installation.\" >&2\n    exit 1\nfi\n# This output is used by Xcode 'outputs' to avoid re-running this script phase.\necho \"SUCCESS\" > \"${SCRIPT_OUTPUT_FILE_0}\"\n";
			showEnvVarsInLog = 0;
		};
/* End PBXShellScriptBuildPhase section */

/* Begin PBXSourcesBuildPhase section */
		660547462280AF5700984C3B /* Sources */ = {
			isa = PBXSourcesBuildPhase;
			buildActionMask = 2147483647;
			files = (
				66DF411322F0918D00F9E32B /* Item.swift in Sources */,
				66068ADF22E3845500331311 /* CategoryViewController.swift in Sources */,
				660547502280AF5700984C3B /* TodoListViewController.swift in Sources */,
				6605474E2280AF5700984C3B /* AppDelegate.swift in Sources */,
				66DF411522F0919A00F9E32B /* Category.swift in Sources */,
			);
			runOnlyForDeploymentPostprocessing = 0;
		};
/* End PBXSourcesBuildPhase section */

/* Begin PBXVariantGroup section */
		660547512280AF5700984C3B /* Main.storyboard */ = {
			isa = PBXVariantGroup;
			children = (
				660547522280AF5700984C3B /* Base */,
			);
			name = Main.storyboard;
			sourceTree = "<group>";
		};
		660547562280AF5800984C3B /* LaunchScreen.storyboard */ = {
			isa = PBXVariantGroup;
			children = (
				660547572280AF5800984C3B /* Base */,
			);
			name = LaunchScreen.storyboard;
			sourceTree = "<group>";
		};
/* End PBXVariantGroup section */

/* Begin XCBuildConfiguration section */
		6605475A2280AF5800984C3B /* Debug */ = {
			isa = XCBuildConfiguration;
			buildSettings = {
				ALWAYS_SEARCH_USER_PATHS = NO;
				CLANG_ANALYZER_NONNULL = YES;
				CLANG_ANALYZER_NUMBER_OBJECT_CONVERSION = YES_AGGRESSIVE;
				CLANG_CXX_LANGUAGE_STANDARD = "gnu++14";
				CLANG_CXX_LIBRARY = "libc++";
				CLANG_ENABLE_MODULES = YES;
				CLANG_ENABLE_OBJC_ARC = YES;
				CLANG_ENABLE_OBJC_WEAK = YES;
				CLANG_WARN_BLOCK_CAPTURE_AUTORELEASING = YES;
				CLANG_WARN_BOOL_CONVERSION = YES;
				CLANG_WARN_COMMA = YES;
				CLANG_WARN_CONSTANT_CONVERSION = YES;
				CLANG_WARN_DEPRECATED_OBJC_IMPLEMENTATIONS = YES;
				CLANG_WARN_DIRECT_OBJC_ISA_USAGE = YES_ERROR;
				CLANG_WARN_DOCUMENTATION_COMMENTS = YES;
				CLANG_WARN_EMPTY_BODY = YES;
				CLANG_WARN_ENUM_CONVERSION = YES;
				CLANG_WARN_INFINITE_RECURSION = YES;
				CLANG_WARN_INT_CONVERSION = YES;
				CLANG_WARN_NON_LITERAL_NULL_CONVERSION = YES;
				CLANG_WARN_OBJC_IMPLICIT_RETAIN_SELF = YES;
				CLANG_WARN_OBJC_LITERAL_CONVERSION = YES;
				CLANG_WARN_OBJC_ROOT_CLASS = YES_ERROR;
				CLANG_WARN_RANGE_LOOP_ANALYSIS = YES;
				CLANG_WARN_STRICT_PROTOTYPES = YES;
				CLANG_WARN_SUSPICIOUS_MOVE = YES;
				CLANG_WARN_UNGUARDED_AVAILABILITY = YES_AGGRESSIVE;
				CLANG_WARN_UNREACHABLE_CODE = YES;
				CLANG_WARN__DUPLICATE_METHOD_MATCH = YES;
				CODE_SIGN_IDENTITY = "iPhone Developer";
				COPY_PHASE_STRIP = NO;
				DEBUG_INFORMATION_FORMAT = dwarf;
				ENABLE_STRICT_OBJC_MSGSEND = YES;
				ENABLE_TESTABILITY = YES;
				GCC_C_LANGUAGE_STANDARD = gnu11;
				GCC_DYNAMIC_NO_PIC = NO;
				GCC_NO_COMMON_BLOCKS = YES;
				GCC_OPTIMIZATION_LEVEL = 0;
				GCC_PREPROCESSOR_DEFINITIONS = (
					"DEBUG=1",
					"$(inherited)",
				);
				GCC_WARN_64_TO_32_BIT_CONVERSION = YES;
				GCC_WARN_ABOUT_RETURN_TYPE = YES_ERROR;
				GCC_WARN_UNDECLARED_SELECTOR = YES;
				GCC_WARN_UNINITIALIZED_AUTOS = YES_AGGRESSIVE;
				GCC_WARN_UNUSED_FUNCTION = YES;
				GCC_WARN_UNUSED_VARIABLE = YES;
				IPHONEOS_DEPLOYMENT_TARGET = 11.4;
				MTL_ENABLE_DEBUG_INFO = YES;
				ONLY_ACTIVE_ARCH = YES;
				SDKROOT = iphoneos;
				SWIFT_ACTIVE_COMPILATION_CONDITIONS = DEBUG;
				SWIFT_OPTIMIZATION_LEVEL = "-Onone";
			};
			name = Debug;
		};
		6605475B2280AF5800984C3B /* Release */ = {
			isa = XCBuildConfiguration;
			buildSettings = {
				ALWAYS_SEARCH_USER_PATHS = NO;
				CLANG_ANALYZER_NONNULL = YES;
				CLANG_ANALYZER_NUMBER_OBJECT_CONVERSION = YES_AGGRESSIVE;
				CLANG_CXX_LANGUAGE_STANDARD = "gnu++14";
				CLANG_CXX_LIBRARY = "libc++";
				CLANG_ENABLE_MODULES = YES;
				CLANG_ENABLE_OBJC_ARC = YES;
				CLANG_ENABLE_OBJC_WEAK = YES;
				CLANG_WARN_BLOCK_CAPTURE_AUTORELEASING = YES;
				CLANG_WARN_BOOL_CONVERSION = YES;
				CLANG_WARN_COMMA = YES;
				CLANG_WARN_CONSTANT_CONVERSION = YES;
				CLANG_WARN_DEPRECATED_OBJC_IMPLEMENTATIONS = YES;
				CLANG_WARN_DIRECT_OBJC_ISA_USAGE = YES_ERROR;
				CLANG_WARN_DOCUMENTATION_COMMENTS = YES;
				CLANG_WARN_EMPTY_BODY = YES;
				CLANG_WARN_ENUM_CONVERSION = YES;
				CLANG_WARN_INFINITE_RECURSION = YES;
				CLANG_WARN_INT_CONVERSION = YES;
				CLANG_WARN_NON_LITERAL_NULL_CONVERSION = YES;
				CLANG_WARN_OBJC_IMPLICIT_RETAIN_SELF = YES;
				CLANG_WARN_OBJC_LITERAL_CONVERSION = YES;
				CLANG_WARN_OBJC_ROOT_CLASS = YES_ERROR;
				CLANG_WARN_RANGE_LOOP_ANALYSIS = YES;
				CLANG_WARN_STRICT_PROTOTYPES = YES;
				CLANG_WARN_SUSPICIOUS_MOVE = YES;
				CLANG_WARN_UNGUARDED_AVAILABILITY = YES_AGGRESSIVE;
				CLANG_WARN_UNREACHABLE_CODE = YES;
				CLANG_WARN__DUPLICATE_METHOD_MATCH = YES;
				CODE_SIGN_IDENTITY = "iPhone Developer";
				COPY_PHASE_STRIP = NO;
				DEBUG_INFORMATION_FORMAT = "dwarf-with-dsym";
				ENABLE_NS_ASSERTIONS = NO;
				ENABLE_STRICT_OBJC_MSGSEND = YES;
				GCC_C_LANGUAGE_STANDARD = gnu11;
				GCC_NO_COMMON_BLOCKS = YES;
				GCC_WARN_64_TO_32_BIT_CONVERSION = YES;
				GCC_WARN_ABOUT_RETURN_TYPE = YES_ERROR;
				GCC_WARN_UNDECLARED_SELECTOR = YES;
				GCC_WARN_UNINITIALIZED_AUTOS = YES_AGGRESSIVE;
				GCC_WARN_UNUSED_FUNCTION = YES;
				GCC_WARN_UNUSED_VARIABLE = YES;
				IPHONEOS_DEPLOYMENT_TARGET = 11.4;
				MTL_ENABLE_DEBUG_INFO = NO;
				SDKROOT = iphoneos;
				SWIFT_COMPILATION_MODE = wholemodule;
				SWIFT_OPTIMIZATION_LEVEL = "-O";
				VALIDATE_PRODUCT = YES;
			};
			name = Release;
		};
		6605475D2280AF5800984C3B /* Debug */ = {
			isa = XCBuildConfiguration;
			baseConfigurationReference = DCDF67A4AEF68A50E04B997B /* Pods-Todoey.debug.xcconfig */;
			buildSettings = {
				ASSETCATALOG_COMPILER_APPICON_NAME = AppIcon;
				CODE_SIGN_STYLE = Automatic;
				INFOPLIST_FILE = Todoey/Info.plist;
				LD_RUNPATH_SEARCH_PATHS = (
					"$(inherited)",
					"@executable_path/Frameworks",
				);
				PRODUCT_BUNDLE_IDENTIFIER = com.ho3in.Todoey;
				PRODUCT_NAME = "$(TARGET_NAME)";
				SWIFT_VERSION = 4.0;
				TARGETED_DEVICE_FAMILY = "1,2";
			};
			name = Debug;
		};
		6605475E2280AF5800984C3B /* Release */ = {
			isa = XCBuildConfiguration;
			baseConfigurationReference = D0417ECFF4F20FD930A0F4D8 /* Pods-Todoey.release.xcconfig */;
			buildSettings = {
				ASSETCATALOG_COMPILER_APPICON_NAME = AppIcon;
				CODE_SIGN_STYLE = Automatic;
				INFOPLIST_FILE = Todoey/Info.plist;
				LD_RUNPATH_SEARCH_PATHS = (
					"$(inherited)",
					"@executable_path/Frameworks",
				);
				PRODUCT_BUNDLE_IDENTIFIER = com.ho3in.Todoey;
				PRODUCT_NAME = "$(TARGET_NAME)";
				SWIFT_VERSION = 4.0;
				TARGETED_DEVICE_FAMILY = "1,2";
			};
			name = Release;
		};
/* End XCBuildConfiguration section */

/* Begin XCConfigurationList section */
		660547452280AF5700984C3B /* Build configuration list for PBXProject "Todoey" */ = {
			isa = XCConfigurationList;
			buildConfigurations = (
				6605475A2280AF5800984C3B /* Debug */,
				6605475B2280AF5800984C3B /* Release */,
			);
			defaultConfigurationIsVisible = 0;
			defaultConfigurationName = Release;
		};
		6605475C2280AF5800984C3B /* Build configuration list for PBXNativeTarget "Todoey" */ = {
			isa = XCConfigurationList;
			buildConfigurations = (
				6605475D2280AF5800984C3B /* Debug */,
				6605475E2280AF5800984C3B /* Release */,
			);
			defaultConfigurationIsVisible = 0;
			defaultConfigurationName = Release;
		};
/* End XCConfigurationList section */
	};
	rootObject = 660547422280AF5700984C3B /* Project object */;
}
